// !$*UTF8*$!
{
	archiveVersion = 1;
	classes = {
	};
	objectVersion = 55;
	objects = {

/* Begin PBXBuildFile section */
		E7499C1E276B0FCF00E799FF /* AgoraLrcScoreView.swift in Sources */ = {isa = PBXBuildFile; fileRef = E7499C1D276B0FCF00E799FF /* AgoraLrcScoreView.swift */; };
		E7499C22276C766700E799FF /* AgoraEmitterView.swift in Sources */ = {isa = PBXBuildFile; fileRef = E7499C21276C766700E799FF /* AgoraEmitterView.swift */; };
		E7499C24276C9B6F00E799FF /* AgoraLrcConfigModel.swift in Sources */ = {isa = PBXBuildFile; fileRef = E7499C23276C9B6F00E799FF /* AgoraLrcConfigModel.swift */; };
		E7499C26276C9F8B00E799FF /* AgoraLrcScoreConfigModel.swift in Sources */ = {isa = PBXBuildFile; fileRef = E7499C25276C9F8B00E799FF /* AgoraLrcScoreConfigModel.swift */; };
		E78B5CF22761D6F300579270 /* AppDelegate.swift in Sources */ = {isa = PBXBuildFile; fileRef = E78B5CF12761D6F300579270 /* AppDelegate.swift */; };
		E78B5CF42761D6F300579270 /* SceneDelegate.swift in Sources */ = {isa = PBXBuildFile; fileRef = E78B5CF32761D6F300579270 /* SceneDelegate.swift */; };
		E78B5CF62761D6F300579270 /* ViewController.swift in Sources */ = {isa = PBXBuildFile; fileRef = E78B5CF52761D6F300579270 /* ViewController.swift */; };
		E78B5CF92761D6F300579270 /* Main.storyboard in Resources */ = {isa = PBXBuildFile; fileRef = E78B5CF72761D6F300579270 /* Main.storyboard */; };
		E78B5CFB2761D6F600579270 /* Assets.xcassets in Resources */ = {isa = PBXBuildFile; fileRef = E78B5CFA2761D6F600579270 /* Assets.xcassets */; };
		E78B5CFE2761D6F600579270 /* LaunchScreen.storyboard in Resources */ = {isa = PBXBuildFile; fileRef = E78B5CFC2761D6F600579270 /* LaunchScreen.storyboard */; };
		E78B5D092761D71400579270 /* AgoraScoreItemModel.swift in Sources */ = {isa = PBXBuildFile; fileRef = E78B5D062761D71300579270 /* AgoraScoreItemModel.swift */; };
		E78B5D0A2761D71400579270 /* AgoraKaraokeScoreCell.swift in Sources */ = {isa = PBXBuildFile; fileRef = E78B5D072761D71300579270 /* AgoraKaraokeScoreCell.swift */; };
		E78B5D0B2761D71400579270 /* AgoraKaraokeScoreView.swift in Sources */ = {isa = PBXBuildFile; fileRef = E78B5D082761D71400579270 /* AgoraKaraokeScoreView.swift */; };
		E78B5D182762F37F00579270 /* AgoraLrcView.swift in Sources */ = {isa = PBXBuildFile; fileRef = E78B5D172762F37F00579270 /* AgoraLrcView.swift */; };
		E78B5D1A2762F5A000579270 /* AgoraMusicLrcCell.swift in Sources */ = {isa = PBXBuildFile; fileRef = E78B5D192762F5A000579270 /* AgoraMusicLrcCell.swift */; };
		E78B5D1C2762FAA900579270 /* AgoraLrcModel.swift in Sources */ = {isa = PBXBuildFile; fileRef = E78B5D1B2762FAA900579270 /* AgoraLrcModel.swift */; };
		E78B5D25276301D800579270 /* AgoraMusicLrcParse.swift in Sources */ = {isa = PBXBuildFile; fileRef = E78B5D24276301D800579270 /* AgoraMusicLrcParse.swift */; };
		E78B5D2D276321AF00579270 /* AgoraURLExtention.swift in Sources */ = {isa = PBXBuildFile; fileRef = E78B5D29276321AF00579270 /* AgoraURLExtention.swift */; };
		E78B5D2E276321AF00579270 /* AgoraRequestTask.swift in Sources */ = {isa = PBXBuildFile; fileRef = E78B5D2A276321AF00579270 /* AgoraRequestTask.swift */; };
		E78B5D2F276321AF00579270 /* AgoraCacheFileHandle.swift in Sources */ = {isa = PBXBuildFile; fileRef = E78B5D2B276321AF00579270 /* AgoraCacheFileHandle.swift */; };
		E78B5D32276321DC00579270 /* AgoraStringExtention.swift in Sources */ = {isa = PBXBuildFile; fileRef = E78B5D31276321DC00579270 /* AgoraStringExtention.swift */; };
		E78B5D342763338200579270 /* AgoraDownLoadManager.swift in Sources */ = {isa = PBXBuildFile; fileRef = E78B5D332763338200579270 /* AgoraDownLoadManager.swift */; };
		E79EB9CB278540F400FE703A /* GCDTimer.swift in Sources */ = {isa = PBXBuildFile; fileRef = E79EB9CA278540F400FE703A /* GCDTimer.swift */; };
		E7CD1206A1B46CE4668AE106 /* Pods_AgoraKaraokeScore.framework in Frameworks */ = {isa = PBXBuildFile; fileRef = 6CCFB5940A66F99EF23C4C2C /* Pods_AgoraKaraokeScore.framework */; };
		E7F9493F277EB44F005C57F1 /* music.mp3 in Resources */ = {isa = PBXBuildFile; fileRef = E7F9493E277EB44F005C57F1 /* music.mp3 */; };
/* End PBXBuildFile section */

/* Begin PBXFileReference section */
		6CCFB5940A66F99EF23C4C2C /* Pods_AgoraKaraokeScore.framework */ = {isa = PBXFileReference; explicitFileType = wrapper.framework; includeInIndex = 0; path = Pods_AgoraKaraokeScore.framework; sourceTree = BUILT_PRODUCTS_DIR; };
		BE72E6063F1521F37D95DA25 /* Pods-AgoraKaraokeScore.debug.xcconfig */ = {isa = PBXFileReference; includeInIndex = 1; lastKnownFileType = text.xcconfig; name = "Pods-AgoraKaraokeScore.debug.xcconfig"; path = "Target Support Files/Pods-AgoraKaraokeScore/Pods-AgoraKaraokeScore.debug.xcconfig"; sourceTree = "<group>"; };
		E7499C1D276B0FCF00E799FF /* AgoraLrcScoreView.swift */ = {isa = PBXFileReference; lastKnownFileType = sourcecode.swift; path = AgoraLrcScoreView.swift; sourceTree = "<group>"; };
		E7499C21276C766700E799FF /* AgoraEmitterView.swift */ = {isa = PBXFileReference; lastKnownFileType = sourcecode.swift; path = AgoraEmitterView.swift; sourceTree = "<group>"; };
		E7499C23276C9B6F00E799FF /* AgoraLrcConfigModel.swift */ = {isa = PBXFileReference; lastKnownFileType = sourcecode.swift; path = AgoraLrcConfigModel.swift; sourceTree = "<group>"; };
		E7499C25276C9F8B00E799FF /* AgoraLrcScoreConfigModel.swift */ = {isa = PBXFileReference; lastKnownFileType = sourcecode.swift; path = AgoraLrcScoreConfigModel.swift; sourceTree = "<group>"; };
		E78B5CEE2761D6F300579270 /* AgoraKaraokeScore.app */ = {isa = PBXFileReference; explicitFileType = wrapper.application; includeInIndex = 0; path = AgoraKaraokeScore.app; sourceTree = BUILT_PRODUCTS_DIR; };
		E78B5CF12761D6F300579270 /* AppDelegate.swift */ = {isa = PBXFileReference; lastKnownFileType = sourcecode.swift; path = AppDelegate.swift; sourceTree = "<group>"; };
		E78B5CF32761D6F300579270 /* SceneDelegate.swift */ = {isa = PBXFileReference; lastKnownFileType = sourcecode.swift; path = SceneDelegate.swift; sourceTree = "<group>"; };
		E78B5CF52761D6F300579270 /* ViewController.swift */ = {isa = PBXFileReference; lastKnownFileType = sourcecode.swift; path = ViewController.swift; sourceTree = "<group>"; };
		E78B5CF82761D6F300579270 /* Base */ = {isa = PBXFileReference; lastKnownFileType = file.storyboard; name = Base; path = Base.lproj/Main.storyboard; sourceTree = "<group>"; };
		E78B5CFA2761D6F600579270 /* Assets.xcassets */ = {isa = PBXFileReference; lastKnownFileType = folder.assetcatalog; path = Assets.xcassets; sourceTree = "<group>"; };
		E78B5CFD2761D6F600579270 /* Base */ = {isa = PBXFileReference; lastKnownFileType = file.storyboard; name = Base; path = Base.lproj/LaunchScreen.storyboard; sourceTree = "<group>"; };
		E78B5CFF2761D6F600579270 /* Info.plist */ = {isa = PBXFileReference; lastKnownFileType = text.plist.xml; path = Info.plist; sourceTree = "<group>"; };
		E78B5D062761D71300579270 /* AgoraScoreItemModel.swift */ = {isa = PBXFileReference; fileEncoding = 4; lastKnownFileType = sourcecode.swift; path = AgoraScoreItemModel.swift; sourceTree = "<group>"; };
		E78B5D072761D71300579270 /* AgoraKaraokeScoreCell.swift */ = {isa = PBXFileReference; fileEncoding = 4; lastKnownFileType = sourcecode.swift; path = AgoraKaraokeScoreCell.swift; sourceTree = "<group>"; };
		E78B5D082761D71400579270 /* AgoraKaraokeScoreView.swift */ = {isa = PBXFileReference; fileEncoding = 4; lastKnownFileType = sourcecode.swift; path = AgoraKaraokeScoreView.swift; sourceTree = "<group>"; };
		E78B5D172762F37F00579270 /* AgoraLrcView.swift */ = {isa = PBXFileReference; lastKnownFileType = sourcecode.swift; path = AgoraLrcView.swift; sourceTree = "<group>"; };
		E78B5D192762F5A000579270 /* AgoraMusicLrcCell.swift */ = {isa = PBXFileReference; lastKnownFileType = sourcecode.swift; path = AgoraMusicLrcCell.swift; sourceTree = "<group>"; };
		E78B5D1B2762FAA900579270 /* AgoraLrcModel.swift */ = {isa = PBXFileReference; lastKnownFileType = sourcecode.swift; path = AgoraLrcModel.swift; sourceTree = "<group>"; };
		E78B5D24276301D800579270 /* AgoraMusicLrcParse.swift */ = {isa = PBXFileReference; lastKnownFileType = sourcecode.swift; path = AgoraMusicLrcParse.swift; sourceTree = "<group>"; };
		E78B5D29276321AF00579270 /* AgoraURLExtention.swift */ = {isa = PBXFileReference; fileEncoding = 4; lastKnownFileType = sourcecode.swift; path = AgoraURLExtention.swift; sourceTree = "<group>"; };
		E78B5D2A276321AF00579270 /* AgoraRequestTask.swift */ = {isa = PBXFileReference; fileEncoding = 4; lastKnownFileType = sourcecode.swift; path = AgoraRequestTask.swift; sourceTree = "<group>"; };
		E78B5D2B276321AF00579270 /* AgoraCacheFileHandle.swift */ = {isa = PBXFileReference; fileEncoding = 4; lastKnownFileType = sourcecode.swift; path = AgoraCacheFileHandle.swift; sourceTree = "<group>"; };
		E78B5D31276321DC00579270 /* AgoraStringExtention.swift */ = {isa = PBXFileReference; fileEncoding = 4; lastKnownFileType = sourcecode.swift; path = AgoraStringExtention.swift; sourceTree = "<group>"; };
		E78B5D332763338200579270 /* AgoraDownLoadManager.swift */ = {isa = PBXFileReference; lastKnownFileType = sourcecode.swift; path = AgoraDownLoadManager.swift; sourceTree = "<group>"; };
		E79EB9CA278540F400FE703A /* GCDTimer.swift */ = {isa = PBXFileReference; fileEncoding = 4; lastKnownFileType = sourcecode.swift; path = GCDTimer.swift; sourceTree = "<group>"; };
		E7F9493E277EB44F005C57F1 /* music.mp3 */ = {isa = PBXFileReference; lastKnownFileType = audio.mp3; path = music.mp3; sourceTree = "<group>"; };
		F51EAA9C33D7C3AB3BB8D299 /* Pods-AgoraKaraokeScore.release.xcconfig */ = {isa = PBXFileReference; includeInIndex = 1; lastKnownFileType = text.xcconfig; name = "Pods-AgoraKaraokeScore.release.xcconfig"; path = "Target Support Files/Pods-AgoraKaraokeScore/Pods-AgoraKaraokeScore.release.xcconfig"; sourceTree = "<group>"; };
/* End PBXFileReference section */

/* Begin PBXFrameworksBuildPhase section */
		E78B5CEB2761D6F300579270 /* Frameworks */ = {
			isa = PBXFrameworksBuildPhase;
			buildActionMask = 2147483647;
			files = (
				E7CD1206A1B46CE4668AE106 /* Pods_AgoraKaraokeScore.framework in Frameworks */,
			);
			runOnlyForDeploymentPostprocessing = 0;
		};
/* End PBXFrameworksBuildPhase section */

/* Begin PBXGroup section */
		138CD874CB2D6940ACBEB113 /* Pods */ = {
			isa = PBXGroup;
			children = (
				BE72E6063F1521F37D95DA25 /* Pods-AgoraKaraokeScore.debug.xcconfig */,
				F51EAA9C33D7C3AB3BB8D299 /* Pods-AgoraKaraokeScore.release.xcconfig */,
			);
			path = Pods;
			sourceTree = "<group>";
		};
		D3B798D9D00EB94B50439C5C /* Frameworks */ = {
			isa = PBXGroup;
			children = (
				6CCFB5940A66F99EF23C4C2C /* Pods_AgoraKaraokeScore.framework */,
			);
			name = Frameworks;
			sourceTree = "<group>";
		};
		E7499C1C276B0FB200E799FF /* AgoraLrcScoreView */ = {
			isa = PBXGroup;
			children = (
				E79EB9CA278540F400FE703A /* GCDTimer.swift */,
				E78B5D162762F35400579270 /* AgoraLrcView */,
				E78B5D052761D6FC00579270 /* AgoraKaraokeScoreView */,
				E7499C1D276B0FCF00E799FF /* AgoraLrcScoreView.swift */,
				E7499C25276C9F8B00E799FF /* AgoraLrcScoreConfigModel.swift */,
			);
			path = AgoraLrcScoreView;
			sourceTree = "<group>";
		};
		E78B5CE52761D6F300579270 = {
			isa = PBXGroup;
			children = (
				E78B5CF02761D6F300579270 /* AgoraKaraokeScore */,
				E78B5CEF2761D6F300579270 /* Products */,
				138CD874CB2D6940ACBEB113 /* Pods */,
				D3B798D9D00EB94B50439C5C /* Frameworks */,
			);
			sourceTree = "<group>";
		};
		E78B5CEF2761D6F300579270 /* Products */ = {
			isa = PBXGroup;
			children = (
				E78B5CEE2761D6F300579270 /* AgoraKaraokeScore.app */,
			);
			name = Products;
			sourceTree = "<group>";
		};
		E78B5CF02761D6F300579270 /* AgoraKaraokeScore */ = {
			isa = PBXGroup;
			children = (
				E7499C1C276B0FB200E799FF /* AgoraLrcScoreView */,
				E78B5CF12761D6F300579270 /* AppDelegate.swift */,
				E78B5CF32761D6F300579270 /* SceneDelegate.swift */,
				E78B5CF52761D6F300579270 /* ViewController.swift */,
				E7F9493E277EB44F005C57F1 /* music.mp3 */,
				E78B5CF72761D6F300579270 /* Main.storyboard */,
				E78B5CFA2761D6F600579270 /* Assets.xcassets */,
				E78B5CFC2761D6F600579270 /* LaunchScreen.storyboard */,
				E78B5CFF2761D6F600579270 /* Info.plist */,
			);
			path = AgoraKaraokeScore;
			sourceTree = "<group>";
		};
		E78B5D052761D6FC00579270 /* AgoraKaraokeScoreView */ = {
			isa = PBXGroup;
			children = (
				E78B5D082761D71400579270 /* AgoraKaraokeScoreView.swift */,
				E78B5D072761D71300579270 /* AgoraKaraokeScoreCell.swift */,
				E78B5D062761D71300579270 /* AgoraScoreItemModel.swift */,
				E7499C21276C766700E799FF /* AgoraEmitterView.swift */,
			);
			path = AgoraKaraokeScoreView;
			sourceTree = "<group>";
		};
		E78B5D162762F35400579270 /* AgoraLrcView */ = {
			isa = PBXGroup;
			children = (
				E78B5D28276321AF00579270 /* FileDownloadCache */,
				E78B5D172762F37F00579270 /* AgoraLrcView.swift */,
				E78B5D1B2762FAA900579270 /* AgoraLrcModel.swift */,
				E7499C23276C9B6F00E799FF /* AgoraLrcConfigModel.swift */,
				E78B5D24276301D800579270 /* AgoraMusicLrcParse.swift */,
				E78B5D192762F5A000579270 /* AgoraMusicLrcCell.swift */,
			);
			path = AgoraLrcView;
			sourceTree = "<group>";
		};
		E78B5D28276321AF00579270 /* FileDownloadCache */ = {
			isa = PBXGroup;
			children = (
				E78B5D31276321DC00579270 /* AgoraStringExtention.swift */,
				E78B5D29276321AF00579270 /* AgoraURLExtention.swift */,
				E78B5D2A276321AF00579270 /* AgoraRequestTask.swift */,
				E78B5D2B276321AF00579270 /* AgoraCacheFileHandle.swift */,
				E78B5D332763338200579270 /* AgoraDownLoadManager.swift */,
			);
			path = FileDownloadCache;
			sourceTree = "<group>";
		};
/* End PBXGroup section */

/* Begin PBXNativeTarget section */
		E78B5CED2761D6F300579270 /* AgoraKaraokeScore */ = {
			isa = PBXNativeTarget;
			buildConfigurationList = E78B5D022761D6F600579270 /* Build configuration list for PBXNativeTarget "AgoraKaraokeScore" */;
			buildPhases = (
				675192D23769059CF9AA410C /* [CP] Check Pods Manifest.lock */,
				E78B5CEA2761D6F300579270 /* Sources */,
				E78B5CEB2761D6F300579270 /* Frameworks */,
				E78B5CEC2761D6F300579270 /* Resources */,
				06396EEEB6BCFCF9C03FAAA8 /* [CP] Embed Pods Frameworks */,
			);
			buildRules = (
			);
			dependencies = (
			);
			name = AgoraKaraokeScore;
			productName = AgoraKaraokeScore;
			productReference = E78B5CEE2761D6F300579270 /* AgoraKaraokeScore.app */;
			productType = "com.apple.product-type.application";
		};
/* End PBXNativeTarget section */

/* Begin PBXProject section */
		E78B5CE62761D6F300579270 /* Project object */ = {
			isa = PBXProject;
			attributes = {
				BuildIndependentTargetsInParallel = 1;
				LastSwiftUpdateCheck = 1300;
				LastUpgradeCheck = 1300;
				TargetAttributes = {
					E78B5CED2761D6F300579270 = {
						CreatedOnToolsVersion = 13.0;
					};
				};
			};
			buildConfigurationList = E78B5CE92761D6F300579270 /* Build configuration list for PBXProject "AgoraKaraokeScore" */;
			compatibilityVersion = "Xcode 13.0";
			developmentRegion = en;
			hasScannedForEncodings = 0;
			knownRegions = (
				en,
				Base,
			);
			mainGroup = E78B5CE52761D6F300579270;
			productRefGroup = E78B5CEF2761D6F300579270 /* Products */;
			projectDirPath = "";
			projectRoot = "";
			targets = (
				E78B5CED2761D6F300579270 /* AgoraKaraokeScore */,
			);
		};
/* End PBXProject section */

/* Begin PBXResourcesBuildPhase section */
		E78B5CEC2761D6F300579270 /* Resources */ = {
			isa = PBXResourcesBuildPhase;
			buildActionMask = 2147483647;
			files = (
				E7F9493F277EB44F005C57F1 /* music.mp3 in Resources */,
				E78B5CFE2761D6F600579270 /* LaunchScreen.storyboard in Resources */,
				E78B5CFB2761D6F600579270 /* Assets.xcassets in Resources */,
				E78B5CF92761D6F300579270 /* Main.storyboard in Resources */,
			);
			runOnlyForDeploymentPostprocessing = 0;
		};
/* End PBXResourcesBuildPhase section */

/* Begin PBXShellScriptBuildPhase section */
		06396EEEB6BCFCF9C03FAAA8 /* [CP] Embed Pods Frameworks */ = {
			isa = PBXShellScriptBuildPhase;
			buildActionMask = 2147483647;
			files = (
			);
			inputFileListPaths = (
				"${PODS_ROOT}/Target Support Files/Pods-AgoraKaraokeScore/Pods-AgoraKaraokeScore-frameworks-${CONFIGURATION}-input-files.xcfilelist",
			);
			name = "[CP] Embed Pods Frameworks";
			outputFileListPaths = (
				"${PODS_ROOT}/Target Support Files/Pods-AgoraKaraokeScore/Pods-AgoraKaraokeScore-frameworks-${CONFIGURATION}-output-files.xcfilelist",
			);
			runOnlyForDeploymentPostprocessing = 0;
			shellPath = /bin/sh;
			shellScript = "\"${PODS_ROOT}/Target Support Files/Pods-AgoraKaraokeScore/Pods-AgoraKaraokeScore-frameworks.sh\"\n";
			showEnvVarsInLog = 0;
		};
		675192D23769059CF9AA410C /* [CP] Check Pods Manifest.lock */ = {
			isa = PBXShellScriptBuildPhase;
			buildActionMask = 2147483647;
			files = (
			);
			inputFileListPaths = (
			);
			inputPaths = (
				"${PODS_PODFILE_DIR_PATH}/Podfile.lock",
				"${PODS_ROOT}/Manifest.lock",
			);
			name = "[CP] Check Pods Manifest.lock";
			outputFileListPaths = (
			);
			outputPaths = (
				"$(DERIVED_FILE_DIR)/Pods-AgoraKaraokeScore-checkManifestLockResult.txt",
			);
			runOnlyForDeploymentPostprocessing = 0;
			shellPath = /bin/sh;
			shellScript = "diff \"${PODS_PODFILE_DIR_PATH}/Podfile.lock\" \"${PODS_ROOT}/Manifest.lock\" > /dev/null\nif [ $? != 0 ] ; then\n    # print error to STDERR\n    echo \"error: The sandbox is not in sync with the Podfile.lock. Run 'pod install' or update your CocoaPods installation.\" >&2\n    exit 1\nfi\n# This output is used by Xcode 'outputs' to avoid re-running this script phase.\necho \"SUCCESS\" > \"${SCRIPT_OUTPUT_FILE_0}\"\n";
			showEnvVarsInLog = 0;
		};
/* End PBXShellScriptBuildPhase section */

/* Begin PBXSourcesBuildPhase section */
		E78B5CEA2761D6F300579270 /* Sources */ = {
			isa = PBXSourcesBuildPhase;
			buildActionMask = 2147483647;
			files = (
				E78B5D182762F37F00579270 /* AgoraLrcView.swift in Sources */,
				E78B5D342763338200579270 /* AgoraDownLoadManager.swift in Sources */,
				E7499C22276C766700E799FF /* AgoraEmitterView.swift in Sources */,
				E78B5CF62761D6F300579270 /* ViewController.swift in Sources */,
				E7499C24276C9B6F00E799FF /* AgoraLrcConfigModel.swift in Sources */,
				E78B5D2E276321AF00579270 /* AgoraRequestTask.swift in Sources */,
				E7499C1E276B0FCF00E799FF /* AgoraLrcScoreView.swift in Sources */,
				E78B5D32276321DC00579270 /* AgoraStringExtention.swift in Sources */,
				E79EB9CB278540F400FE703A /* GCDTimer.swift in Sources */,
				E78B5CF22761D6F300579270 /* AppDelegate.swift in Sources */,
				E78B5D092761D71400579270 /* AgoraScoreItemModel.swift in Sources */,
				E78B5D25276301D800579270 /* AgoraMusicLrcParse.swift in Sources */,
				E78B5D2D276321AF00579270 /* AgoraURLExtention.swift in Sources */,
				E78B5D2F276321AF00579270 /* AgoraCacheFileHandle.swift in Sources */,
				E7499C26276C9F8B00E799FF /* AgoraLrcScoreConfigModel.swift in Sources */,
				E78B5D0B2761D71400579270 /* AgoraKaraokeScoreView.swift in Sources */,
				E78B5D0A2761D71400579270 /* AgoraKaraokeScoreCell.swift in Sources */,
				E78B5D1C2762FAA900579270 /* AgoraLrcModel.swift in Sources */,
				E78B5D1A2762F5A000579270 /* AgoraMusicLrcCell.swift in Sources */,
				E78B5CF42761D6F300579270 /* SceneDelegate.swift in Sources */,
			);
			runOnlyForDeploymentPostprocessing = 0;
		};
/* End PBXSourcesBuildPhase section */

/* Begin PBXVariantGroup section */
		E78B5CF72761D6F300579270 /* Main.storyboard */ = {
			isa = PBXVariantGroup;
			children = (
				E78B5CF82761D6F300579270 /* Base */,
			);
			name = Main.storyboard;
			sourceTree = "<group>";
		};
		E78B5CFC2761D6F600579270 /* LaunchScreen.storyboard */ = {
			isa = PBXVariantGroup;
			children = (
				E78B5CFD2761D6F600579270 /* Base */,
			);
			name = LaunchScreen.storyboard;
			sourceTree = "<group>";
		};
/* End PBXVariantGroup section */

/* Begin XCBuildConfiguration section */
		E78B5D002761D6F600579270 /* Debug */ = {
			isa = XCBuildConfiguration;
			buildSettings = {
				ALWAYS_SEARCH_USER_PATHS = NO;
				CLANG_ANALYZER_NONNULL = YES;
				CLANG_ANALYZER_NUMBER_OBJECT_CONVERSION = YES_AGGRESSIVE;
				CLANG_CXX_LANGUAGE_STANDARD = "gnu++17";
				CLANG_CXX_LIBRARY = "libc++";
				CLANG_ENABLE_MODULES = YES;
				CLANG_ENABLE_OBJC_ARC = YES;
				CLANG_ENABLE_OBJC_WEAK = YES;
				CLANG_WARN_BLOCK_CAPTURE_AUTORELEASING = YES;
				CLANG_WARN_BOOL_CONVERSION = YES;
				CLANG_WARN_COMMA = YES;
				CLANG_WARN_CONSTANT_CONVERSION = YES;
				CLANG_WARN_DEPRECATED_OBJC_IMPLEMENTATIONS = YES;
				CLANG_WARN_DIRECT_OBJC_ISA_USAGE = YES_ERROR;
				CLANG_WARN_DOCUMENTATION_COMMENTS = YES;
				CLANG_WARN_EMPTY_BODY = YES;
				CLANG_WARN_ENUM_CONVERSION = YES;
				CLANG_WARN_INFINITE_RECURSION = YES;
				CLANG_WARN_INT_CONVERSION = YES;
				CLANG_WARN_NON_LITERAL_NULL_CONVERSION = YES;
				CLANG_WARN_OBJC_IMPLICIT_RETAIN_SELF = YES;
				CLANG_WARN_OBJC_LITERAL_CONVERSION = YES;
				CLANG_WARN_OBJC_ROOT_CLASS = YES_ERROR;
				CLANG_WARN_QUOTED_INCLUDE_IN_FRAMEWORK_HEADER = YES;
				CLANG_WARN_RANGE_LOOP_ANALYSIS = YES;
				CLANG_WARN_STRICT_PROTOTYPES = YES;
				CLANG_WARN_SUSPICIOUS_MOVE = YES;
				CLANG_WARN_UNGUARDED_AVAILABILITY = YES_AGGRESSIVE;
				CLANG_WARN_UNREACHABLE_CODE = YES;
				CLANG_WARN__DUPLICATE_METHOD_MATCH = YES;
				COPY_PHASE_STRIP = NO;
				DEBUG_INFORMATION_FORMAT = dwarf;
				ENABLE_STRICT_OBJC_MSGSEND = YES;
				ENABLE_TESTABILITY = YES;
				GCC_C_LANGUAGE_STANDARD = gnu11;
				GCC_DYNAMIC_NO_PIC = NO;
				GCC_NO_COMMON_BLOCKS = YES;
				GCC_OPTIMIZATION_LEVEL = 0;
				GCC_PREPROCESSOR_DEFINITIONS = (
					"DEBUG=1",
					"$(inherited)",
				);
				GCC_WARN_64_TO_32_BIT_CONVERSION = YES;
				GCC_WARN_ABOUT_RETURN_TYPE = YES_ERROR;
				GCC_WARN_UNDECLARED_SELECTOR = YES;
				GCC_WARN_UNINITIALIZED_AUTOS = YES_AGGRESSIVE;
				GCC_WARN_UNUSED_FUNCTION = YES;
				GCC_WARN_UNUSED_VARIABLE = YES;
				IPHONEOS_DEPLOYMENT_TARGET = 15.0;
				MTL_ENABLE_DEBUG_INFO = INCLUDE_SOURCE;
				MTL_FAST_MATH = YES;
				ONLY_ACTIVE_ARCH = YES;
				SDKROOT = iphoneos;
				SWIFT_ACTIVE_COMPILATION_CONDITIONS = DEBUG;
				SWIFT_OPTIMIZATION_LEVEL = "-Onone";
			};
			name = Debug;
		};
		E78B5D012761D6F600579270 /* Release */ = {
			isa = XCBuildConfiguration;
			buildSettings = {
				ALWAYS_SEARCH_USER_PATHS = NO;
				CLANG_ANALYZER_NONNULL = YES;
				CLANG_ANALYZER_NUMBER_OBJECT_CONVERSION = YES_AGGRESSIVE;
				CLANG_CXX_LANGUAGE_STANDARD = "gnu++17";
				CLANG_CXX_LIBRARY = "libc++";
				CLANG_ENABLE_MODULES = YES;
				CLANG_ENABLE_OBJC_ARC = YES;
				CLANG_ENABLE_OBJC_WEAK = YES;
				CLANG_WARN_BLOCK_CAPTURE_AUTORELEASING = YES;
				CLANG_WARN_BOOL_CONVERSION = YES;
				CLANG_WARN_COMMA = YES;
				CLANG_WARN_CONSTANT_CONVERSION = YES;
				CLANG_WARN_DEPRECATED_OBJC_IMPLEMENTATIONS = YES;
				CLANG_WARN_DIRECT_OBJC_ISA_USAGE = YES_ERROR;
				CLANG_WARN_DOCUMENTATION_COMMENTS = YES;
				CLANG_WARN_EMPTY_BODY = YES;
				CLANG_WARN_ENUM_CONVERSION = YES;
				CLANG_WARN_INFINITE_RECURSION = YES;
				CLANG_WARN_INT_CONVERSION = YES;
				CLANG_WARN_NON_LITERAL_NULL_CONVERSION = YES;
				CLANG_WARN_OBJC_IMPLICIT_RETAIN_SELF = YES;
				CLANG_WARN_OBJC_LITERAL_CONVERSION = YES;
				CLANG_WARN_OBJC_ROOT_CLASS = YES_ERROR;
				CLANG_WARN_QUOTED_INCLUDE_IN_FRAMEWORK_HEADER = YES;
				CLANG_WARN_RANGE_LOOP_ANALYSIS = YES;
				CLANG_WARN_STRICT_PROTOTYPES = YES;
				CLANG_WARN_SUSPICIOUS_MOVE = YES;
				CLANG_WARN_UNGUARDED_AVAILABILITY = YES_AGGRESSIVE;
				CLANG_WARN_UNREACHABLE_CODE = YES;
				CLANG_WARN__DUPLICATE_METHOD_MATCH = YES;
				COPY_PHASE_STRIP = NO;
				DEBUG_INFORMATION_FORMAT = "dwarf-with-dsym";
				ENABLE_NS_ASSERTIONS = NO;
				ENABLE_STRICT_OBJC_MSGSEND = YES;
				GCC_C_LANGUAGE_STANDARD = gnu11;
				GCC_NO_COMMON_BLOCKS = YES;
				GCC_WARN_64_TO_32_BIT_CONVERSION = YES;
				GCC_WARN_ABOUT_RETURN_TYPE = YES_ERROR;
				GCC_WARN_UNDECLARED_SELECTOR = YES;
				GCC_WARN_UNINITIALIZED_AUTOS = YES_AGGRESSIVE;
				GCC_WARN_UNUSED_FUNCTION = YES;
				GCC_WARN_UNUSED_VARIABLE = YES;
				IPHONEOS_DEPLOYMENT_TARGET = 15.0;
				MTL_ENABLE_DEBUG_INFO = NO;
				MTL_FAST_MATH = YES;
				SDKROOT = iphoneos;
				SWIFT_COMPILATION_MODE = wholemodule;
				SWIFT_OPTIMIZATION_LEVEL = "-O";
				VALIDATE_PRODUCT = YES;
			};
			name = Release;
		};
		E78B5D032761D6F600579270 /* Debug */ = {
			isa = XCBuildConfiguration;
			baseConfigurationReference = BE72E6063F1521F37D95DA25 /* Pods-AgoraKaraokeScore.debug.xcconfig */;
			buildSettings = {
				ASSETCATALOG_COMPILER_APPICON_NAME = AppIcon;
				ASSETCATALOG_COMPILER_GLOBAL_ACCENT_COLOR_NAME = AccentColor;
				CODE_SIGN_STYLE = Automatic;
				CURRENT_PROJECT_VERSION = 1;
				DEVELOPMENT_TEAM = YS397FG5PA;
				GENERATE_INFOPLIST_FILE = YES;
				INFOPLIST_FILE = AgoraKaraokeScore/Info.plist;
				INFOPLIST_KEY_UIApplicationSupportsIndirectInputEvents = YES;
				INFOPLIST_KEY_UILaunchStoryboardName = LaunchScreen;
				INFOPLIST_KEY_UIMainStoryboardFile = Main;
				INFOPLIST_KEY_UISupportedInterfaceOrientations_iPad = "UIInterfaceOrientationPortrait UIInterfaceOrientationPortraitUpsideDown UIInterfaceOrientationLandscapeLeft UIInterfaceOrientationLandscapeRight";
				INFOPLIST_KEY_UISupportedInterfaceOrientations_iPhone = "UIInterfaceOrientationPortrait UIInterfaceOrientationLandscapeLeft UIInterfaceOrientationLandscapeRight";
				IPHONEOS_DEPLOYMENT_TARGET = 13.0;
				LD_RUNPATH_SEARCH_PATHS = (
					"$(inherited)",
					"@executable_path/Frameworks",
				);
				MARKETING_VERSION = 1.0;
				PRODUCT_BUNDLE_IDENTIFIER = "io.agora.Scene-Exampless.AgoraKaraokeScore";
				PRODUCT_NAME = "$(TARGET_NAME)";
				SWIFT_EMIT_LOC_STRINGS = YES;
				SWIFT_VERSION = 5.0;
				TARGETED_DEVICE_FAMILY = "1,2";
			};
			name = Debug;
		};
		E78B5D042761D6F600579270 /* Release */ = {
			isa = XCBuildConfiguration;
			baseConfigurationReference = F51EAA9C33D7C3AB3BB8D299 /* Pods-AgoraKaraokeScore.release.xcconfig */;
			buildSettings = {
				ASSETCATALOG_COMPILER_APPICON_NAME = AppIcon;
				ASSETCATALOG_COMPILER_GLOBAL_ACCENT_COLOR_NAME = AccentColor;
				CODE_SIGN_STYLE = Automatic;
				CURRENT_PROJECT_VERSION = 1;
				DEVELOPMENT_TEAM = YS397FG5PA;
				GENERATE_INFOPLIST_FILE = YES;
				INFOPLIST_FILE = AgoraKaraokeScore/Info.plist;
				INFOPLIST_KEY_UIApplicationSupportsIndirectInputEvents = YES;
				INFOPLIST_KEY_UILaunchStoryboardName = LaunchScreen;
				INFOPLIST_KEY_UIMainStoryboardFile = Main;
				INFOPLIST_KEY_UISupportedInterfaceOrientations_iPad = "UIInterfaceOrientationPortrait UIInterfaceOrientationPortraitUpsideDown UIInterfaceOrientationLandscapeLeft UIInterfaceOrientationLandscapeRight";
				INFOPLIST_KEY_UISupportedInterfaceOrientations_iPhone = "UIInterfaceOrientationPortrait UIInterfaceOrientationLandscapeLeft UIInterfaceOrientationLandscapeRight";
				IPHONEOS_DEPLOYMENT_TARGET = 13.0;
				LD_RUNPATH_SEARCH_PATHS = (
					"$(inherited)",
					"@executable_path/Frameworks",
				);
				MARKETING_VERSION = 1.0;
				PRODUCT_BUNDLE_IDENTIFIER = "io.agora.Scene-Exampless.AgoraKaraokeScore";
				PRODUCT_NAME = "$(TARGET_NAME)";
				SWIFT_EMIT_LOC_STRINGS = YES;
				SWIFT_VERSION = 5.0;
				TARGETED_DEVICE_FAMILY = "1,2";
			};
			name = Release;
		};
/* End XCBuildConfiguration section */

/* Begin XCConfigurationList section */
		E78B5CE92761D6F300579270 /* Build configuration list for PBXProject "AgoraKaraokeScore" */ = {
			isa = XCConfigurationList;
			buildConfigurations = (
				E78B5D002761D6F600579270 /* Debug */,
				E78B5D012761D6F600579270 /* Release */,
			);
			defaultConfigurationIsVisible = 0;
			defaultConfigurationName = Release;
		};
		E78B5D022761D6F600579270 /* Build configuration list for PBXNativeTarget "AgoraKaraokeScore" */ = {
			isa = XCConfigurationList;
			buildConfigurations = (
				E78B5D032761D6F600579270 /* Debug */,
				E78B5D042761D6F600579270 /* Release */,
			);
			defaultConfigurationIsVisible = 0;
			defaultConfigurationName = Release;
		};
/* End XCConfigurationList section */
	};
	rootObject = E78B5CE62761D6F300579270 /* Project object */;
}
